Microsoft Visual Studio Solution File, Format Version 12.00
# Visual Studio Version 17
VisualStudioVersion = 17.5.2.0
MinimumVisualStudioVersion = 10.0.40219.1
Project("{FAE04EC0-301F-11D3-BF4B-00C04F79EFBC}") = "HRMS", "HRMS.csproj", "{AF2CEF18-91C9-A9EF-F687-CEB299B84BB3}"
EndProject
Global
	GlobalSection(SolutionConfigurationPlatforms) = preSolution
		Debug|Any CPU = Debug|Any CPU
		Release|Any CPU = Release|Any CPU
	EndGlobalSection
	GlobalSection(ProjectConfigurationPlatforms) = postSolution
		{AF2CEF18-91C9-A9EF-F687-CEB299B84BB3}.Debug|Any CPU.ActiveCfg = Debug|Any CPU
		{AF2CEF18-91C9-A9EF-F687-CEB299B84BB3}.Debug|Any CPU.Build.0 = Debug|Any CPU
		{AF2CEF18-91C9-A9EF-F687-CEB299B84BB3}.Release|Any CPU.ActiveCfg = Release|Any CPU
		{AF2CEF18-91C9-A9EF-F687-CEB299B84BB3}.Release|Any CPU.Build.0 = Release|Any CPU
	EndGlobalSection
	GlobalSection(SolutionProperties) = preSolution
		HideSolutionNode = FALSE
	EndGlobalSection
	GlobalSection(ExtensibilityGlobals) = postSolution
		SolutionGuid = {562F0056-3385-458A-8C78-18BC45AE44B3}
	EndGlobalSection
EndGlobal
